
Microsoft Visual Studio Solution File, Format Version 12.00
# Visual Studio Version 17
VisualStudioVersion = 17.10.35122.118
MinimumVisualStudioVersion = 10.0.40219.1
Project("{9A19103F-16F7-4668-BE54-9A1E7A4F7556}") = "ThreadProgram", "ThreadProgram\ThreadProgram.csproj", "{737EEBDE-60DA-4D91-97E5-4A9C07A64486}"
EndProject
Project("{FAE04EC0-301F-11D3-BF4B-00C04F79EFBC}") = "MiddlewareProgram", "MiddlewareProgram\MiddlewareProgram.csproj", "{829D8229-FC41-420F-8697-7AADDF427CDA}"
EndProject
Project("{FAE04EC0-301F-11D3-BF4B-00C04F79EFBC}") = "DependencyInjectionProgram", "DependencyInjectionProgram\DependencyInjectionProgram.csproj", "{77A63325-C783-4286-A3E9-B014B31F1518}"
EndProject
Project("{FAE04EC0-301F-11D3-BF4B-00C04F79EFBC}") = "ConfigurationSettingsProgram", "ConfigurationSettingsProgram\ConfigurationSettingsProgram.csproj", "{14CA790B-CC83-408A-B106-83485F2C4474}"
EndProject
Project("{FAE04EC0-301F-11D3-BF4B-00C04F79EFBC}") = "LoggingProgram", "LoggingProgram\LoggingProgram.csproj", "{0A091593-9E21-4CD2-B9C4-CBCFA7CF3F46}"
EndProject
Global
	GlobalSection(SolutionConfigurationPlatforms) = preSolution
		Debug|Any CPU = Debug|Any CPU
		Release|Any CPU = Release|Any CPU
	EndGlobalSection
	GlobalSection(ProjectConfigurationPlatforms) = postSolution
		{737EEBDE-60DA-4D91-97E5-4A9C07A64486}.Debug|Any CPU.ActiveCfg = Debug|Any CPU
		{737EEBDE-60DA-4D91-97E5-4A9C07A64486}.Debug|Any CPU.Build.0 = Debug|Any CPU
		{737EEBDE-60DA-4D91-97E5-4A9C07A64486}.Release|Any CPU.ActiveCfg = Release|Any CPU
		{737EEBDE-60DA-4D91-97E5-4A9C07A64486}.Release|Any CPU.Build.0 = Release|Any CPU
		{829D8229-FC41-420F-8697-7AADDF427CDA}.Debug|Any CPU.ActiveCfg = Debug|Any CPU
		{829D8229-FC41-420F-8697-7AADDF427CDA}.Debug|Any CPU.Build.0 = Debug|Any CPU
		{829D8229-FC41-420F-8697-7AADDF427CDA}.Release|Any CPU.ActiveCfg = Release|Any CPU
		{829D8229-FC41-420F-8697-7AADDF427CDA}.Release|Any CPU.Build.0 = Release|Any CPU
		{77A63325-C783-4286-A3E9-B014B31F1518}.Debug|Any CPU.ActiveCfg = Debug|Any CPU
		{77A63325-C783-4286-A3E9-B014B31F1518}.Debug|Any CPU.Build.0 = Debug|Any CPU
		{77A63325-C783-4286-A3E9-B014B31F1518}.Release|Any CPU.ActiveCfg = Release|Any CPU
		{77A63325-C783-4286-A3E9-B014B31F1518}.Release|Any CPU.Build.0 = Release|Any CPU
		{14CA790B-CC83-408A-B106-83485F2C4474}.Debug|Any CPU.ActiveCfg = Debug|Any CPU
		{14CA790B-CC83-408A-B106-83485F2C4474}.Debug|Any CPU.Build.0 = Debug|Any CPU
		{14CA790B-CC83-408A-B106-83485F2C4474}.Release|Any CPU.ActiveCfg = Release|Any CPU
		{14CA790B-CC83-408A-B106-83485F2C4474}.Release|Any CPU.Build.0 = Release|Any CPU
		{0A091593-9E21-4CD2-B9C4-CBCFA7CF3F46}.Debug|Any CPU.ActiveCfg = Debug|Any CPU
		{0A091593-9E21-4CD2-B9C4-CBCFA7CF3F46}.Debug|Any CPU.Build.0 = Debug|Any CPU
		{0A091593-9E21-4CD2-B9C4-CBCFA7CF3F46}.Release|Any CPU.ActiveCfg = Release|Any CPU
		{0A091593-9E21-4CD2-B9C4-CBCFA7CF3F46}.Release|Any CPU.Build.0 = Release|Any CPU
	EndGlobalSection
	GlobalSection(SolutionProperties) = preSolution
		HideSolutionNode = FALSE
	EndGlobalSection
	GlobalSection(ExtensibilityGlobals) = postSolution
		SolutionGuid = {057872D3-AE72-40F0-BB94-B242CB6DA1D8}
	EndGlobalSection
EndGlobal
